
Microsoft Visual Studio Solution File, Format Version 12.00
# Visual Studio 2013
Project("{FAE04EC0-301F-11D3-BF4B-00C04F79EFBC}") = "UnityVS.MonkeeyLander.CSharp", "UnityVS.MonkeeyLander.CSharp.csproj", "{BCAA6D7F-3737-6C8D-9BDE-A9EF5AAB1B18}"
EndProject
Global
	GlobalSection(SolutionConfigurationPlatforms) = preSolution
		Debug|Any CPU = Debug|Any CPU
		Release|Any CPU = Release|Any CPU
	EndGlobalSection
	GlobalSection(ProjectConfigurationPlatforms) = postSolution
		{BCAA6D7F-3737-6C8D-9BDE-A9EF5AAB1B18}.Debug|Any CPU.ActiveCfg = Debug|Any CPU
		{BCAA6D7F-3737-6C8D-9BDE-A9EF5AAB1B18}.Debug|Any CPU.Build.0 = Debug|Any CPU
		{BCAA6D7F-3737-6C8D-9BDE-A9EF5AAB1B18}.Release|Any CPU.ActiveCfg = Release|Any CPU
		{BCAA6D7F-3737-6C8D-9BDE-A9EF5AAB1B18}.Release|Any CPU.Build.0 = Release|Any CPU
	EndGlobalSection
	GlobalSection(SolutionProperties) = preSolution
		HideSolutionNode = FALSE
	EndGlobalSection
EndGlobal
